// !$*UTF8*$!
{
	archiveVersion = 1;
	classes = {
	};
	objectVersion = 46;
	objects = {

/* Begin PBXBuildFile section */
		3C9DC043B1DE3A19792AE702 /* Answer.m in Sources */ = {isa = PBXBuildFile; fileRef = 3C9DC76629E363C90943AA55 /* Answer.m */; };
		3C9DC051EA8DFD71166DA894 /* Question.m in Sources */ = {isa = PBXBuildFile; fileRef = 3C9DCFAD4452181608B8451B /* Question.m */; };
		3C9DC1681E1BF0B856AC4E9F /* game.json in Resources */ = {isa = PBXBuildFile; fileRef = 3C9DC85C17CCB34471840B07 /* game.json */; };
		3C9DC2ED85F987F0A95FA1F0 /* ResultStatusContainerView.m in Sources */ = {isa = PBXBuildFile; fileRef = 3C9DCC1DAD8B6CCC295B2875 /* ResultStatusContainerView.m */; };
		3C9DC3A4FE84875903FAB100 /* AAForm.m in Sources */ = {isa = PBXBuildFile; fileRef = 3C9DC09A2595104DE730BD5D /* AAForm.m */; };
		3C9DC3B342715AEC6A136602 /* RoundResultView.m in Sources */ = {isa = PBXBuildFile; fileRef = 3C9DC58B86C337E3399ED561 /* RoundResultView.m */; };
		3C9DC41729C5BBF456289993 /* QuestionViewController.m in Sources */ = {isa = PBXBuildFile; fileRef = 3C9DC186878D360B8AAA2ADC /* QuestionViewController.m */; };
		3C9DC47581CAD56A7B9BF974 /* QuestionQues.m in Sources */ = {isa = PBXBuildFile; fileRef = 3C9DCA62A41D960E61717C0B /* QuestionQues.m */; };
		3C9DC4A286E334FB53F45AD3 /* SecurityTokenManager.m in Sources */ = {isa = PBXBuildFile; fileRef = 3C9DCA9EB0EBB75844589C4E /* SecurityTokenManager.m */; };
		3C9DC53136BCEE256D44EE37 /* RoundData.m in Sources */ = {isa = PBXBuildFile; fileRef = 3C9DC6EB365FFA12AA1B5BD4 /* RoundData.m */; };
		3C9DC535BEA2EDDB95B5E76F /* SettingsViewController.m in Sources */ = {isa = PBXBuildFile; fileRef = 3C9DC6AEF8D2E2D31A25A103 /* SettingsViewController.m */; };
		3C9DC55396BBE0701C4C9EAD /* User.m in Sources */ = {isa = PBXBuildFile; fileRef = 3C9DCCBB96197A481BAF7659 /* User.m */; };
		3C9DC63B555B091EC3954ABA /* RoundCategory.m in Sources */ = {isa = PBXBuildFile; fileRef = 3C9DC00B2AFF3C19381E38C7 /* RoundCategory.m */; };
		3C9DC64ABDE22828362BCD6A /* NewGameConfigureViewController.m in Sources */ = {isa = PBXBuildFile; fileRef = 3C9DCDE09D35BFDAEBCB8ECC /* NewGameConfigureViewController.m */; };
		3C9DC752C9E6F68AEF5ABB55 /* GameRound.m in Sources */ = {isa = PBXBuildFile; fileRef = 3C9DCC0753395DF7652928ED /* GameRound.m */; };
		3C9DC7AC50E247B46C10A729 /* ModelObject.m in Sources */ = {isa = PBXBuildFile; fileRef = 3C9DC52CD0DE324928F739C0 /* ModelObject.m */; };
		3C9DC8E7B936CB859064C2F9 /* StatisticsViewController.m in Sources */ = {isa = PBXBuildFile; fileRef = 3C9DCEFFB8851E28B7D59D06 /* StatisticsViewController.m */; };
		3C9DCA189A23901E9212D331 /* GameViewController.m in Sources */ = {isa = PBXBuildFile; fileRef = 3C9DC441F5B1A23771B12644 /* GameViewController.m */; };
		3C9DCA208B9E8A5863286C68 /* AuthApi.m in Sources */ = {isa = PBXBuildFile; fileRef = 3C9DC90DD53E71FF4B55BB37 /* AuthApi.m */; };
		3C9DCA4E76B5326DC2382F56 /* ChooseCategoryViewController.m in Sources */ = {isa = PBXBuildFile; fileRef = 3C9DC8F5B63D67FBE1BDA449 /* ChooseCategoryViewController.m */; };
		3C9DCAAC190FEB66DC68F2C6 /* LocalJsonWrapper.m in Sources */ = {isa = PBXBuildFile; fileRef = 3C9DCD9F3B4AE2528DF7D936 /* LocalJsonWrapper.m */; };
		3C9DCAB411DDAA53BAE748D0 /* MainViewController.m in Sources */ = {isa = PBXBuildFile; fileRef = 3C9DC056E0E3A39CB2DC2B4C /* MainViewController.m */; };
		3C9DCCB2C1ABDE6A2BAE10D2 /* UIViewController+Extensions.m in Sources */ = {isa = PBXBuildFile; fileRef = 3C9DC8DF4B141DE35E466BF5 /* UIViewController+Extensions.m */; };
		3C9DCD5178F98A3640515D60 /* StartGameViewController.m in Sources */ = {isa = PBXBuildFile; fileRef = 3C9DC692516B0054E3D6C0CB /* StartGameViewController.m */; };
		3C9DCE2E9613600B746FCF42 /* ScoreContainerView.m in Sources */ = {isa = PBXBuildFile; fileRef = 3C9DCC438A533A3E2E894E1D /* ScoreContainerView.m */; };
		3C9DCEF667408CECB013D543 /* LoginViewController.m in Sources */ = {isa = PBXBuildFile; fileRef = 3C9DC3A5AC072A35EE2F0EB0 /* LoginViewController.m */; };
		3C9DCF653EF1A9358ADFA5F6 /* GameRoundCreatedAt.m in Sources */ = {isa = PBXBuildFile; fileRef = 3C9DC0A52CD97AD5A74177B2 /* GameRoundCreatedAt.m */; };
		7B0ABE881B3EEC37005A062C /* main.m in Sources */ = {isa = PBXBuildFile; fileRef = 7B0ABE871B3EEC37005A062C /* main.m */; };
		7B0ABE8B1B3EEC37005A062C /* AppDelegate.m in Sources */ = {isa = PBXBuildFile; fileRef = 7B0ABE8A1B3EEC37005A062C /* AppDelegate.m */; };
		7B0ABE8E1B3EEC37005A062C /* IndexViewController.m in Sources */ = {isa = PBXBuildFile; fileRef = 7B0ABE8D1B3EEC37005A062C /* IndexViewController.m */; };
		7B0ABE931B3EEC37005A062C /* Images.xcassets in Resources */ = {isa = PBXBuildFile; fileRef = 7B0ABE921B3EEC37005A062C /* Images.xcassets */; };
		7B0ABE961B3EEC37005A062C /* LaunchScreen.xib in Resources */ = {isa = PBXBuildFile; fileRef = 7B0ABE941B3EEC37005A062C /* LaunchScreen.xib */; };
		7B0ABEA21B3EEC37005A062C /* EntquizTests.m in Sources */ = {isa = PBXBuildFile; fileRef = 7B0ABEA11B3EEC37005A062C /* EntquizTests.m */; };
		7B280C431BB992F300C6752B /* UIColor+Extensions.m in Sources */ = {isa = PBXBuildFile; fileRef = 7B280C421BB992F300C6752B /* UIColor+Extensions.m */; };
		7B280C461BB9982000C6752B /* UIButton+BackgroudForState.m in Sources */ = {isa = PBXBuildFile; fileRef = 7B280C451BB9982000C6752B /* UIButton+BackgroudForState.m */; };
		7B4620231B9E8F5600652FD6 /* ASize.m in Sources */ = {isa = PBXBuildFile; fileRef = 7B46201E1B9E8F5600652FD6 /* ASize.m */; };
		7B4620251B9E8F5600652FD6 /* FirstTime.m in Sources */ = {isa = PBXBuildFile; fileRef = 7B4620221B9E8F5600652FD6 /* FirstTime.m */; };
		7B4620291B9E903000652FD6 /* RegistrationViewController.m in Sources */ = {isa = PBXBuildFile; fileRef = 7B4620271B9E903000652FD6 /* RegistrationViewController.m */; };
		7B471CBD1BA84E4C0061D406 /* ApiClient.m in Sources */ = {isa = PBXBuildFile; fileRef = 7B471CBC1BA84E4C0061D406 /* ApiClient.m */; };
		7B6EC3881BBD24C400AF05CA /* StdTextField.m in Sources */ = {isa = PBXBuildFile; fileRef = 7B6EC3871BBD24C400AF05CA /* StdTextField.m */; };
		D9226A0EA7C6BC8BDCE961E8 /* libPods.a in Frameworks */ = {isa = PBXBuildFile; fileRef = BDFC5A021FEC914D5A4E2703 /* libPods.a */; };
/* End PBXBuildFile section */

/* Begin PBXContainerItemProxy section */
		7B0ABE9C1B3EEC37005A062C /* PBXContainerItemProxy */ = {
			isa = PBXContainerItemProxy;
			containerPortal = 7B0ABE7A1B3EEC37005A062C /* Project object */;
			proxyType = 1;
			remoteGlobalIDString = 7B0ABE811B3EEC37005A062C;
			remoteInfo = Entquiz;
		};
/* End PBXContainerItemProxy section */

/* Begin PBXFileReference section */
		3C9DC00B2AFF3C19381E38C7 /* RoundCategory.m */ = {isa = PBXFileReference; fileEncoding = 4; lastKnownFileType = sourcecode.c.objc; path = RoundCategory.m; sourceTree = "<group>"; };
		3C9DC056E0E3A39CB2DC2B4C /* MainViewController.m */ = {isa = PBXFileReference; fileEncoding = 4; lastKnownFileType = sourcecode.c.objc; path = MainViewController.m; sourceTree = "<group>"; };
		3C9DC09A2595104DE730BD5D /* AAForm.m */ = {isa = PBXFileReference; fileEncoding = 4; lastKnownFileType = sourcecode.c.objc; path = AAForm.m; sourceTree = "<group>"; };
		3C9DC0A52CD97AD5A74177B2 /* GameRoundCreatedAt.m */ = {isa = PBXFileReference; fileEncoding = 4; lastKnownFileType = sourcecode.c.objc; path = GameRoundCreatedAt.m; sourceTree = "<group>"; };
		3C9DC0E8E65543F421672FA7 /* QuestionQues.h */ = {isa = PBXFileReference; fileEncoding = 4; lastKnownFileType = sourcecode.c.h; path = QuestionQues.h; sourceTree = "<group>"; };
		3C9DC147E0BD153C368181E0 /* UIViewController+Extensions.h */ = {isa = PBXFileReference; fileEncoding = 4; lastKnownFileType = sourcecode.c.h; path = "UIViewController+Extensions.h"; sourceTree = "<group>"; };
		3C9DC158757C5EE058CBBEBA /* AuthApi.h */ = {isa = PBXFileReference; fileEncoding = 4; lastKnownFileType = sourcecode.c.h; path = AuthApi.h; sourceTree = "<group>"; };
		3C9DC186878D360B8AAA2ADC /* QuestionViewController.m */ = {isa = PBXFileReference; fileEncoding = 4; lastKnownFileType = sourcecode.c.objc; path = QuestionViewController.m; sourceTree = "<group>"; };
		3C9DC1AADEBFF3F526EB6821 /* SecurityTokenManager.h */ = {isa = PBXFileReference; fileEncoding = 4; lastKnownFileType = sourcecode.c.h; path = SecurityTokenManager.h; sourceTree = "<group>"; };
		3C9DC1E5CEF4FCC78D0659BA /* SettingsViewController.h */ = {isa = PBXFileReference; fileEncoding = 4; lastKnownFileType = sourcecode.c.h; path = SettingsViewController.h; sourceTree = "<group>"; };
		3C9DC1EBBF6877628EF7EAB4 /* ChooseCategoryViewController.h */ = {isa = PBXFileReference; fileEncoding = 4; lastKnownFileType = sourcecode.c.h; path = ChooseCategoryViewController.h; sourceTree = "<group>"; };
		3C9DC2FA781A76002EFDC880 /* Answer.h */ = {isa = PBXFileReference; fileEncoding = 4; lastKnownFileType = sourcecode.c.h; path = Answer.h; sourceTree = "<group>"; };
		3C9DC3638BD1F63D0357EB11 /* User.h */ = {isa = PBXFileReference; fileEncoding = 4; lastKnownFileType = sourcecode.c.h; path = User.h; sourceTree = "<group>"; };
		3C9DC3A5AC072A35EE2F0EB0 /* LoginViewController.m */ = {isa = PBXFileReference; fileEncoding = 4; lastKnownFileType = sourcecode.c.objc; path = LoginViewController.m; sourceTree = "<group>"; };
		3C9DC3F3F79DE05CA418481A /* LocalJsonWrapper.h */ = {isa = PBXFileReference; fileEncoding = 4; lastKnownFileType = sourcecode.c.h; path = LocalJsonWrapper.h; sourceTree = "<group>"; };
		3C9DC411719C4CDA117C90DC /* GameRound.h */ = {isa = PBXFileReference; fileEncoding = 4; lastKnownFileType = sourcecode.c.h; path = GameRound.h; sourceTree = "<group>"; };
		3C9DC41BBA623B81358622BB /* ResultStatusContainerView.h */ = {isa = PBXFileReference; fileEncoding = 4; lastKnownFileType = sourcecode.c.h; path = ResultStatusContainerView.h; sourceTree = "<group>"; };
		3C9DC441F5B1A23771B12644 /* GameViewController.m */ = {isa = PBXFileReference; fileEncoding = 4; lastKnownFileType = sourcecode.c.objc; path = GameViewController.m; sourceTree = "<group>"; };
		3C9DC516B14A0216B6F50F91 /* TargetConditionals.h */ = {isa = PBXFileReference; fileEncoding = 4; lastKnownFileType = sourcecode.c.h; path = TargetConditionals.h; sourceTree = "<group>"; };
		3C9DC52CD0DE324928F739C0 /* ModelObject.m */ = {isa = PBXFileReference; fileEncoding = 4; lastKnownFileType = sourcecode.c.objc; path = ModelObject.m; sourceTree = "<group>"; };
		3C9DC53D7E1D383B1643332C /* RoundData.h */ = {isa = PBXFileReference; fileEncoding = 4; lastKnownFileType = sourcecode.c.h; path = RoundData.h; sourceTree = "<group>"; };
		3C9DC58B86C337E3399ED561 /* RoundResultView.m */ = {isa = PBXFileReference; fileEncoding = 4; lastKnownFileType = sourcecode.c.objc; path = RoundResultView.m; sourceTree = "<group>"; };
		3C9DC5BC171431A32359C2EC /* QuestionViewController.h */ = {isa = PBXFileReference; fileEncoding = 4; lastKnownFileType = sourcecode.c.h; path = QuestionViewController.h; sourceTree = "<group>"; };
		3C9DC5F390243CFF7D9B97D7 /* ModelObject.h */ = {isa = PBXFileReference; fileEncoding = 4; lastKnownFileType = sourcecode.c.h; path = ModelObject.h; sourceTree = "<group>"; };
		3C9DC692516B0054E3D6C0CB /* StartGameViewController.m */ = {isa = PBXFileReference; fileEncoding = 4; lastKnownFileType = sourcecode.c.objc; path = StartGameViewController.m; sourceTree = "<group>"; };
		3C9DC69479248D27CB417D9B /* GameViewController.h */ = {isa = PBXFileReference; fileEncoding = 4; lastKnownFileType = sourcecode.c.h; path = GameViewController.h; sourceTree = "<group>"; };
		3C9DC6AEF8D2E2D31A25A103 /* SettingsViewController.m */ = {isa = PBXFileReference; fileEncoding = 4; lastKnownFileType = sourcecode.c.objc; path = SettingsViewController.m; sourceTree = "<group>"; };
		3C9DC6D82B600116BAB6EADE /* LoginViewController.h */ = {isa = PBXFileReference; fileEncoding = 4; lastKnownFileType = sourcecode.c.h; path = LoginViewController.h; sourceTree = "<group>"; };
		3C9DC6EB365FFA12AA1B5BD4 /* RoundData.m */ = {isa = PBXFileReference; fileEncoding = 4; lastKnownFileType = sourcecode.c.objc; path = RoundData.m; sourceTree = "<group>"; };
		3C9DC76629E363C90943AA55 /* Answer.m */ = {isa = PBXFileReference; fileEncoding = 4; lastKnownFileType = sourcecode.c.objc; path = Answer.m; sourceTree = "<group>"; };
		3C9DC7C8E4853E3C1B4BB759 /* RoundCategory.h */ = {isa = PBXFileReference; fileEncoding = 4; lastKnownFileType = sourcecode.c.h; path = RoundCategory.h; sourceTree = "<group>"; };
		3C9DC7F0F8957F4201F5563B /* Question.h */ = {isa = PBXFileReference; fileEncoding = 4; lastKnownFileType = sourcecode.c.h; path = Question.h; sourceTree = "<group>"; };
		3C9DC85C17CCB34471840B07 /* game.json */ = {isa = PBXFileReference; lastKnownFileType = file.json; path = game.json; sourceTree = "<group>"; };
		3C9DC8DF4B141DE35E466BF5 /* UIViewController+Extensions.m */ = {isa = PBXFileReference; fileEncoding = 4; lastKnownFileType = sourcecode.c.objc; path = "UIViewController+Extensions.m"; sourceTree = "<group>"; };
		3C9DC8F5B63D67FBE1BDA449 /* ChooseCategoryViewController.m */ = {isa = PBXFileReference; fileEncoding = 4; lastKnownFileType = sourcecode.c.objc; path = ChooseCategoryViewController.m; sourceTree = "<group>"; };
		3C9DC90DD53E71FF4B55BB37 /* AuthApi.m */ = {isa = PBXFileReference; fileEncoding = 4; lastKnownFileType = sourcecode.c.objc; path = AuthApi.m; sourceTree = "<group>"; };
		3C9DC97ED809C860B20C40F1 /* ScoreContainerView.h */ = {isa = PBXFileReference; fileEncoding = 4; lastKnownFileType = sourcecode.c.h; path = ScoreContainerView.h; sourceTree = "<group>"; };
		3C9DC9F3A2CE2636A0B24904 /* RoundResultView.h */ = {isa = PBXFileReference; fileEncoding = 4; lastKnownFileType = sourcecode.c.h; path = RoundResultView.h; sourceTree = "<group>"; };
		3C9DCA62A41D960E61717C0B /* QuestionQues.m */ = {isa = PBXFileReference; fileEncoding = 4; lastKnownFileType = sourcecode.c.objc; path = QuestionQues.m; sourceTree = "<group>"; };
		3C9DCA81E1E26482ECF40B5F /* MainViewController.h */ = {isa = PBXFileReference; fileEncoding = 4; lastKnownFileType = sourcecode.c.h; path = MainViewController.h; sourceTree = "<group>"; };
		3C9DCA9EB0EBB75844589C4E /* SecurityTokenManager.m */ = {isa = PBXFileReference; fileEncoding = 4; lastKnownFileType = sourcecode.c.objc; path = SecurityTokenManager.m; sourceTree = "<group>"; };
		3C9DCC0753395DF7652928ED /* GameRound.m */ = {isa = PBXFileReference; fileEncoding = 4; lastKnownFileType = sourcecode.c.objc; path = GameRound.m; sourceTree = "<group>"; };
		3C9DCC1DAD8B6CCC295B2875 /* ResultStatusContainerView.m */ = {isa = PBXFileReference; fileEncoding = 4; lastKnownFileType = sourcecode.c.objc; path = ResultStatusContainerView.m; sourceTree = "<group>"; };
		3C9DCC438A533A3E2E894E1D /* ScoreContainerView.m */ = {isa = PBXFileReference; fileEncoding = 4; lastKnownFileType = sourcecode.c.objc; path = ScoreContainerView.m; sourceTree = "<group>"; };
		3C9DCCBB96197A481BAF7659 /* User.m */ = {isa = PBXFileReference; fileEncoding = 4; lastKnownFileType = sourcecode.c.objc; path = User.m; sourceTree = "<group>"; };
		3C9DCD9C1A01998A0D80156F /* StatisticsViewController.h */ = {isa = PBXFileReference; fileEncoding = 4; lastKnownFileType = sourcecode.c.h; path = StatisticsViewController.h; sourceTree = "<group>"; };
		3C9DCD9F3B4AE2528DF7D936 /* LocalJsonWrapper.m */ = {isa = PBXFileReference; fileEncoding = 4; lastKnownFileType = sourcecode.c.objc; path = LocalJsonWrapper.m; sourceTree = "<group>"; };
		3C9DCDE09D35BFDAEBCB8ECC /* NewGameConfigureViewController.m */ = {isa = PBXFileReference; fileEncoding = 4; lastKnownFileType = sourcecode.c.objc; path = NewGameConfigureViewController.m; sourceTree = "<group>"; };
		3C9DCE261861EC1FA80A6A45 /* Entquiz-Prefix.pch */ = {isa = PBXFileReference; fileEncoding = 4; lastKnownFileType = sourcecode.c.h; path = "Entquiz-Prefix.pch"; sourceTree = "<group>"; };
		3C9DCEFFB8851E28B7D59D06 /* StatisticsViewController.m */ = {isa = PBXFileReference; fileEncoding = 4; lastKnownFileType = sourcecode.c.objc; path = StatisticsViewController.m; sourceTree = "<group>"; };
		3C9DCF16ED334892F2A96EA0 /* AAForm.h */ = {isa = PBXFileReference; fileEncoding = 4; lastKnownFileType = sourcecode.c.h; path = AAForm.h; sourceTree = "<group>"; };
		3C9DCF3D94A63A5A9823C831 /* NewGameConfigureViewController.h */ = {isa = PBXFileReference; fileEncoding = 4; lastKnownFileType = sourcecode.c.h; path = NewGameConfigureViewController.h; sourceTree = "<group>"; };
		3C9DCF788E4EA00524FDDC5D /* GameRoundCreatedAt.h */ = {isa = PBXFileReference; fileEncoding = 4; lastKnownFileType = sourcecode.c.h; path = GameRoundCreatedAt.h; sourceTree = "<group>"; };
		3C9DCFAD4452181608B8451B /* Question.m */ = {isa = PBXFileReference; fileEncoding = 4; lastKnownFileType = sourcecode.c.objc; path = Question.m; sourceTree = "<group>"; };
		3C9DCFAF860C2777BC1800EA /* StartGameViewController.h */ = {isa = PBXFileReference; fileEncoding = 4; lastKnownFileType = sourcecode.c.h; path = StartGameViewController.h; sourceTree = "<group>"; };
		70951B3F9A0074A7A9C67261 /* Pods.release.xcconfig */ = {isa = PBXFileReference; includeInIndex = 1; lastKnownFileType = text.xcconfig; name = Pods.release.xcconfig; path = "Pods/Target Support Files/Pods/Pods.release.xcconfig"; sourceTree = "<group>"; };
		7B0ABE821B3EEC37005A062C /* Entquiz.app */ = {isa = PBXFileReference; explicitFileType = wrapper.application; includeInIndex = 0; path = Entquiz.app; sourceTree = BUILT_PRODUCTS_DIR; };
		7B0ABE861B3EEC37005A062C /* Info.plist */ = {isa = PBXFileReference; lastKnownFileType = text.plist.xml; path = Info.plist; sourceTree = "<group>"; };
		7B0ABE871B3EEC37005A062C /* main.m */ = {isa = PBXFileReference; lastKnownFileType = sourcecode.c.objc; path = main.m; sourceTree = "<group>"; };
		7B0ABE891B3EEC37005A062C /* AppDelegate.h */ = {isa = PBXFileReference; lastKnownFileType = sourcecode.c.h; path = AppDelegate.h; sourceTree = "<group>"; };
		7B0ABE8A1B3EEC37005A062C /* AppDelegate.m */ = {isa = PBXFileReference; lastKnownFileType = sourcecode.c.objc; path = AppDelegate.m; sourceTree = "<group>"; };
		7B0ABE8C1B3EEC37005A062C /* IndexViewController.h */ = {isa = PBXFileReference; lastKnownFileType = sourcecode.c.h; path = IndexViewController.h; sourceTree = "<group>"; };
		7B0ABE8D1B3EEC37005A062C /* IndexViewController.m */ = {isa = PBXFileReference; lastKnownFileType = sourcecode.c.objc; path = IndexViewController.m; sourceTree = "<group>"; };
		7B0ABE921B3EEC37005A062C /* Images.xcassets */ = {isa = PBXFileReference; lastKnownFileType = folder.assetcatalog; path = Images.xcassets; sourceTree = "<group>"; };
		7B0ABE951B3EEC37005A062C /* Base */ = {isa = PBXFileReference; lastKnownFileType = file.xib; name = Base; path = Base.lproj/LaunchScreen.xib; sourceTree = "<group>"; };
		7B0ABE9B1B3EEC37005A062C /* EntquizTests.xctest */ = {isa = PBXFileReference; explicitFileType = wrapper.cfbundle; includeInIndex = 0; path = EntquizTests.xctest; sourceTree = BUILT_PRODUCTS_DIR; };
		7B0ABEA01B3EEC37005A062C /* Info.plist */ = {isa = PBXFileReference; lastKnownFileType = text.plist.xml; path = Info.plist; sourceTree = "<group>"; };
		7B0ABEA11B3EEC37005A062C /* EntquizTests.m */ = {isa = PBXFileReference; lastKnownFileType = sourcecode.c.objc; path = EntquizTests.m; sourceTree = "<group>"; };
		7B280C411BB992F300C6752B /* UIColor+Extensions.h */ = {isa = PBXFileReference; fileEncoding = 4; lastKnownFileType = sourcecode.c.h; path = "UIColor+Extensions.h"; sourceTree = "<group>"; };
		7B280C421BB992F300C6752B /* UIColor+Extensions.m */ = {isa = PBXFileReference; fileEncoding = 4; lastKnownFileType = sourcecode.c.objc; path = "UIColor+Extensions.m"; sourceTree = "<group>"; };
		7B280C441BB9982000C6752B /* UIButton+BackgroudForState.h */ = {isa = PBXFileReference; fileEncoding = 4; lastKnownFileType = sourcecode.c.h; path = "UIButton+BackgroudForState.h"; sourceTree = "<group>"; };
		7B280C451BB9982000C6752B /* UIButton+BackgroudForState.m */ = {isa = PBXFileReference; fileEncoding = 4; lastKnownFileType = sourcecode.c.objc; path = "UIButton+BackgroudForState.m"; sourceTree = "<group>"; };
		7B46201D1B9E8F5600652FD6 /* ASize.h */ = {isa = PBXFileReference; fileEncoding = 4; lastKnownFileType = sourcecode.c.h; path = ASize.h; sourceTree = "<group>"; };
		7B46201E1B9E8F5600652FD6 /* ASize.m */ = {isa = PBXFileReference; fileEncoding = 4; lastKnownFileType = sourcecode.c.objc; path = ASize.m; sourceTree = "<group>"; };
		7B4620211B9E8F5600652FD6 /* FirstTime.h */ = {isa = PBXFileReference; fileEncoding = 4; lastKnownFileType = sourcecode.c.h; path = FirstTime.h; sourceTree = "<group>"; };
		7B4620221B9E8F5600652FD6 /* FirstTime.m */ = {isa = PBXFileReference; fileEncoding = 4; lastKnownFileType = sourcecode.c.objc; path = FirstTime.m; sourceTree = "<group>"; };
		7B4620261B9E902F00652FD6 /* RegistrationViewController.h */ = {isa = PBXFileReference; fileEncoding = 4; lastKnownFileType = sourcecode.c.h; path = RegistrationViewController.h; sourceTree = "<group>"; };
		7B4620271B9E903000652FD6 /* RegistrationViewController.m */ = {isa = PBXFileReference; fileEncoding = 4; lastKnownFileType = sourcecode.c.objc; path = RegistrationViewController.m; sourceTree = "<group>"; };
		7B471CBB1BA84E4C0061D406 /* ApiClient.h */ = {isa = PBXFileReference; fileEncoding = 4; lastKnownFileType = sourcecode.c.h; path = ApiClient.h; sourceTree = "<group>"; };
		7B471CBC1BA84E4C0061D406 /* ApiClient.m */ = {isa = PBXFileReference; fileEncoding = 4; lastKnownFileType = sourcecode.c.objc; path = ApiClient.m; sourceTree = "<group>"; };
		7B6EC3861BBD24C400AF05CA /* StdTextField.h */ = {isa = PBXFileReference; fileEncoding = 4; lastKnownFileType = sourcecode.c.h; path = StdTextField.h; sourceTree = "<group>"; };
		7B6EC3871BBD24C400AF05CA /* StdTextField.m */ = {isa = PBXFileReference; fileEncoding = 4; lastKnownFileType = sourcecode.c.objc; path = StdTextField.m; sourceTree = "<group>"; };
		BDFC5A021FEC914D5A4E2703 /* libPods.a */ = {isa = PBXFileReference; explicitFileType = archive.ar; includeInIndex = 0; path = libPods.a; sourceTree = BUILT_PRODUCTS_DIR; };
		F85A5FA68CFB4DC658532536 /* Pods.debug.xcconfig */ = {isa = PBXFileReference; includeInIndex = 1; lastKnownFileType = text.xcconfig; name = Pods.debug.xcconfig; path = "Pods/Target Support Files/Pods/Pods.debug.xcconfig"; sourceTree = "<group>"; };
/* End PBXFileReference section */

/* Begin PBXFrameworksBuildPhase section */
		7B0ABE7F1B3EEC37005A062C /* Frameworks */ = {
			isa = PBXFrameworksBuildPhase;
			buildActionMask = 2147483647;
			files = (
				D9226A0EA7C6BC8BDCE961E8 /* libPods.a in Frameworks */,
			);
			runOnlyForDeploymentPostprocessing = 0;
		};
		7B0ABE981B3EEC37005A062C /* Frameworks */ = {
			isa = PBXFrameworksBuildPhase;
			buildActionMask = 2147483647;
			files = (
			);
			runOnlyForDeploymentPostprocessing = 0;
		};
/* End PBXFrameworksBuildPhase section */

/* Begin PBXGroup section */
		3C9DC550E79ECDCEF29C9096 /* Game */ = {
			isa = PBXGroup;
			children = (
				3C9DC411719C4CDA117C90DC /* GameRound.h */,
				3C9DCC0753395DF7652928ED /* GameRound.m */,
				3C9DC53D7E1D383B1643332C /* RoundData.h */,
				3C9DC6EB365FFA12AA1B5BD4 /* RoundData.m */,
				3C9DC2FA781A76002EFDC880 /* Answer.h */,
				3C9DC76629E363C90943AA55 /* Answer.m */,
				3C9DC7F0F8957F4201F5563B /* Question.h */,
				3C9DCFAD4452181608B8451B /* Question.m */,
				3C9DC0E8E65543F421672FA7 /* QuestionQues.h */,
				3C9DCA62A41D960E61717C0B /* QuestionQues.m */,
				3C9DC7C8E4853E3C1B4BB759 /* RoundCategory.h */,
				3C9DC00B2AFF3C19381E38C7 /* RoundCategory.m */,
				3C9DCF788E4EA00524FDDC5D /* GameRoundCreatedAt.h */,
				3C9DC0A52CD97AD5A74177B2 /* GameRoundCreatedAt.m */,
			);
			path = Game;
			sourceTree = "<group>";
		};
		3C9DC6ACAEA95C145E27DAE9 /* External */ = {
			isa = PBXGroup;
			children = (
				3C9DCF16ED334892F2A96EA0 /* AAForm.h */,
				3C9DC09A2595104DE730BD5D /* AAForm.m */,
			);
			path = External;
			sourceTree = "<group>";
		};
		3C9DCA073EEE67A645C2D7ED /* Models */ = {
			isa = PBXGroup;
			children = (
				3C9DCCBB96197A481BAF7659 /* User.m */,
				3C9DC3638BD1F63D0357EB11 /* User.h */,
				3C9DCA9EB0EBB75844589C4E /* SecurityTokenManager.m */,
				3C9DC1AADEBFF3F526EB6821 /* SecurityTokenManager.h */,
				3C9DC550E79ECDCEF29C9096 /* Game */,
				3C9DC5F390243CFF7D9B97D7 /* ModelObject.h */,
				3C9DC52CD0DE324928F739C0 /* ModelObject.m */,
				3C9DCD9F3B4AE2528DF7D936 /* LocalJsonWrapper.m */,
				3C9DC3F3F79DE05CA418481A /* LocalJsonWrapper.h */,
			);
			path = Models;
			sourceTree = "<group>";
		};
		3C9DCDC9F959A52A443ABE8E /* App */ = {
			isa = PBXGroup;
			children = (
				7B280C401BB992DD00C6752B /* Categories */,
				7B471CBA1BA84DE80061D406 /* Api */,
				7B46201C1B9E8F5600652FD6 /* Utils */,
				3C9DC6ACAEA95C145E27DAE9 /* External */,
				3C9DCA073EEE67A645C2D7ED /* Models */,
			);
			path = App;
			sourceTree = "<group>";
		};
		3C9DCDCCAA48B6F9133FE9F7 /* TempJson */ = {
			isa = PBXGroup;
			children = (
				3C9DC85C17CCB34471840B07 /* game.json */,
			);
			name = TempJson;
			sourceTree = "<group>";
		};
		59ADB351C063776B837CDA38 /* Frameworks */ = {
			isa = PBXGroup;
			children = (
				BDFC5A021FEC914D5A4E2703 /* libPods.a */,
			);
			name = Frameworks;
			sourceTree = "<group>";
		};
		5E8BB16A36F5801F94F702F3 /* Pods */ = {
			isa = PBXGroup;
			children = (
				F85A5FA68CFB4DC658532536 /* Pods.debug.xcconfig */,
				70951B3F9A0074A7A9C67261 /* Pods.release.xcconfig */,
			);
			name = Pods;
			sourceTree = "<group>";
		};
		7B0ABE791B3EEC37005A062C = {
			isa = PBXGroup;
			children = (
				7B0ABE841B3EEC37005A062C /* Entquiz */,
				7B0ABE9E1B3EEC37005A062C /* EntquizTests */,
				7B0ABE831B3EEC37005A062C /* Products */,
				5E8BB16A36F5801F94F702F3 /* Pods */,
				59ADB351C063776B837CDA38 /* Frameworks */,
			);
			sourceTree = "<group>";
		};
		7B0ABE831B3EEC37005A062C /* Products */ = {
			isa = PBXGroup;
			children = (
				7B0ABE821B3EEC37005A062C /* Entquiz.app */,
				7B0ABE9B1B3EEC37005A062C /* EntquizTests.xctest */,
			);
			name = Products;
			sourceTree = "<group>";
		};
		7B0ABE841B3EEC37005A062C /* Entquiz */ = {
			isa = PBXGroup;
			children = (
				7B6EC3851BBD24C400AF05CA /* Views */,
				7B46201B1B9E8E7300652FD6 /* Controllers */,
				7B0ABE891B3EEC37005A062C /* AppDelegate.h */,
				7B0ABE8A1B3EEC37005A062C /* AppDelegate.m */,
				7B0ABE921B3EEC37005A062C /* Images.xcassets */,
				7B0ABE941B3EEC37005A062C /* LaunchScreen.xib */,
				7B0ABE851B3EEC37005A062C /* Supporting Files */,
				3C9DCDC9F959A52A443ABE8E /* App */,
			);
			path = Entquiz;
			sourceTree = "<group>";
		};
		7B0ABE851B3EEC37005A062C /* Supporting Files */ = {
			isa = PBXGroup;
			children = (
				7B0ABE861B3EEC37005A062C /* Info.plist */,
				7B0ABE871B3EEC37005A062C /* main.m */,
				3C9DCE261861EC1FA80A6A45 /* Entquiz-Prefix.pch */,
				3C9DCDCCAA48B6F9133FE9F7 /* TempJson */,
			);
			name = "Supporting Files";
			sourceTree = "<group>";
		};
		7B0ABE9E1B3EEC37005A062C /* EntquizTests */ = {
			isa = PBXGroup;
			children = (
				7B0ABEA11B3EEC37005A062C /* EntquizTests.m */,
				7B0ABE9F1B3EEC37005A062C /* Supporting Files */,
			);
			path = EntquizTests;
			sourceTree = "<group>";
		};
		7B0ABE9F1B3EEC37005A062C /* Supporting Files */ = {
			isa = PBXGroup;
			children = (
				7B0ABEA01B3EEC37005A062C /* Info.plist */,
			);
			name = "Supporting Files";
			sourceTree = "<group>";
		};
		7B280C401BB992DD00C6752B /* Categories */ = {
			isa = PBXGroup;
			children = (
				7B280C441BB9982000C6752B /* UIButton+BackgroudForState.h */,
				7B280C451BB9982000C6752B /* UIButton+BackgroudForState.m */,
				7B280C411BB992F300C6752B /* UIColor+Extensions.h */,
				7B280C421BB992F300C6752B /* UIColor+Extensions.m */,
				3C9DC8DF4B141DE35E466BF5 /* UIViewController+Extensions.m */,
				3C9DC147E0BD153C368181E0 /* UIViewController+Extensions.h */,
			);
			path = Categories;
			sourceTree = "<group>";
		};
		7B46201B1B9E8E7300652FD6 /* Controllers */ = {
			isa = PBXGroup;
			children = (
				7B0ABE8C1B3EEC37005A062C /* IndexViewController.h */,
				7B0ABE8D1B3EEC37005A062C /* IndexViewController.m */,
				3C9DCDE09D35BFDAEBCB8ECC /* NewGameConfigureViewController.m */,
				3C9DCF3D94A63A5A9823C831 /* NewGameConfigureViewController.h */,
				7B4620261B9E902F00652FD6 /* RegistrationViewController.h */,
				7B4620271B9E903000652FD6 /* RegistrationViewController.m */,
				3C9DC3A5AC072A35EE2F0EB0 /* LoginViewController.m */,
				3C9DC6D82B600116BAB6EADE /* LoginViewController.h */,
				3C9DC056E0E3A39CB2DC2B4C /* MainViewController.m */,
				3C9DCA81E1E26482ECF40B5F /* MainViewController.h */,
				3C9DC692516B0054E3D6C0CB /* StartGameViewController.m */,
				3C9DCFAF860C2777BC1800EA /* StartGameViewController.h */,
				3C9DC6AEF8D2E2D31A25A103 /* SettingsViewController.m */,
				3C9DC1E5CEF4FCC78D0659BA /* SettingsViewController.h */,
				3C9DCEFFB8851E28B7D59D06 /* StatisticsViewController.m */,
				3C9DCD9C1A01998A0D80156F /* StatisticsViewController.h */,
				3C9DC441F5B1A23771B12644 /* GameViewController.m */,
				3C9DC69479248D27CB417D9B /* GameViewController.h */,
				3C9DC8F5B63D67FBE1BDA449 /* ChooseCategoryViewController.m */,
				3C9DC1EBBF6877628EF7EAB4 /* ChooseCategoryViewController.h */,
				3C9DC186878D360B8AAA2ADC /* QuestionViewController.m */,
				3C9DC5BC171431A32359C2EC /* QuestionViewController.h */,
			);
			path = Controllers;
			sourceTree = "<group>";
		};
		7B46201C1B9E8F5600652FD6 /* Utils */ = {
			isa = PBXGroup;
			children = (
				7B46201D1B9E8F5600652FD6 /* ASize.h */,
				7B46201E1B9E8F5600652FD6 /* ASize.m */,
				7B4620211B9E8F5600652FD6 /* FirstTime.h */,
				7B4620221B9E8F5600652FD6 /* FirstTime.m */,
				3C9DC516B14A0216B6F50F91 /* TargetConditionals.h */,
			);
			path = Utils;
			sourceTree = "<group>";
		};
		7B471CBA1BA84DE80061D406 /* Api */ = {
			isa = PBXGroup;
			children = (
				7B471CBB1BA84E4C0061D406 /* ApiClient.h */,
				7B471CBC1BA84E4C0061D406 /* ApiClient.m */,
				3C9DC90DD53E71FF4B55BB37 /* AuthApi.m */,
				3C9DC158757C5EE058CBBEBA /* AuthApi.h */,
			);
			path = Api;
			sourceTree = "<group>";
		};
		7B6EC3851BBD24C400AF05CA /* Views */ = {
			isa = PBXGroup;
			children = (
				7B6EC3861BBD24C400AF05CA /* StdTextField.h */,
				7B6EC3871BBD24C400AF05CA /* StdTextField.m */,
				3C9DCC438A533A3E2E894E1D /* ScoreContainerView.m */,
				3C9DC97ED809C860B20C40F1 /* ScoreContainerView.h */,
				3C9DC58B86C337E3399ED561 /* RoundResultView.m */,
				3C9DC9F3A2CE2636A0B24904 /* RoundResultView.h */,
				3C9DCC1DAD8B6CCC295B2875 /* ResultStatusContainerView.m */,
				3C9DC41BBA623B81358622BB /* ResultStatusContainerView.h */,
			);
			path = Views;
			sourceTree = "<group>";
		};
/* End PBXGroup section */

/* Begin PBXNativeTarget section */
		7B0ABE811B3EEC37005A062C /* Entquiz */ = {
			isa = PBXNativeTarget;
			buildConfigurationList = 7B0ABEA51B3EEC37005A062C /* Build configuration list for PBXNativeTarget "Entquiz" */;
			buildPhases = (
				40C90BE963525ACE978C0E8A /* Check Pods Manifest.lock */,
				7B0ABE7E1B3EEC37005A062C /* Sources */,
				7B0ABE7F1B3EEC37005A062C /* Frameworks */,
				7B0ABE801B3EEC37005A062C /* Resources */,
				60BBF0CA45E718AEC87E80C4 /* Copy Pods Resources */,
			);
			buildRules = (
			);
			dependencies = (
			);
			name = Entquiz;
			productName = Entquiz;
			productReference = 7B0ABE821B3EEC37005A062C /* Entquiz.app */;
			productType = "com.apple.product-type.application";
		};
		7B0ABE9A1B3EEC37005A062C /* EntquizTests */ = {
			isa = PBXNativeTarget;
			buildConfigurationList = 7B0ABEA81B3EEC37005A062C /* Build configuration list for PBXNativeTarget "EntquizTests" */;
			buildPhases = (
				7B0ABE971B3EEC37005A062C /* Sources */,
				7B0ABE981B3EEC37005A062C /* Frameworks */,
				7B0ABE991B3EEC37005A062C /* Resources */,
			);
			buildRules = (
			);
			dependencies = (
				7B0ABE9D1B3EEC37005A062C /* PBXTargetDependency */,
			);
			name = EntquizTests;
			productName = EntquizTests;
			productReference = 7B0ABE9B1B3EEC37005A062C /* EntquizTests.xctest */;
			productType = "com.apple.product-type.bundle.unit-test";
		};
/* End PBXNativeTarget section */

/* Begin PBXProject section */
		7B0ABE7A1B3EEC37005A062C /* Project object */ = {
			isa = PBXProject;
			attributes = {
				LastUpgradeCheck = 0630;
				ORGANIZATIONNAME = askar;
				TargetAttributes = {
					7B0ABE811B3EEC37005A062C = {
						CreatedOnToolsVersion = 6.3.1;
					};
					7B0ABE9A1B3EEC37005A062C = {
						CreatedOnToolsVersion = 6.3.1;
						TestTargetID = 7B0ABE811B3EEC37005A062C;
					};
				};
			};
			buildConfigurationList = 7B0ABE7D1B3EEC37005A062C /* Build configuration list for PBXProject "Entquiz" */;
			compatibilityVersion = "Xcode 3.2";
			developmentRegion = English;
			hasScannedForEncodings = 0;
			knownRegions = (
				en,
				Base,
			);
			mainGroup = 7B0ABE791B3EEC37005A062C;
			productRefGroup = 7B0ABE831B3EEC37005A062C /* Products */;
			projectDirPath = "";
			projectRoot = "";
			targets = (
				7B0ABE811B3EEC37005A062C /* Entquiz */,
				7B0ABE9A1B3EEC37005A062C /* EntquizTests */,
			);
		};
/* End PBXProject section */

/* Begin PBXResourcesBuildPhase section */
		7B0ABE801B3EEC37005A062C /* Resources */ = {
			isa = PBXResourcesBuildPhase;
			buildActionMask = 2147483647;
			files = (
				7B0ABE961B3EEC37005A062C /* LaunchScreen.xib in Resources */,
				7B0ABE931B3EEC37005A062C /* Images.xcassets in Resources */,
				3C9DC1681E1BF0B856AC4E9F /* game.json in Resources */,
			);
			runOnlyForDeploymentPostprocessing = 0;
		};
		7B0ABE991B3EEC37005A062C /* Resources */ = {
			isa = PBXResourcesBuildPhase;
			buildActionMask = 2147483647;
			files = (
			);
			runOnlyForDeploymentPostprocessing = 0;
		};
/* End PBXResourcesBuildPhase section */

/* Begin PBXShellScriptBuildPhase section */
		40C90BE963525ACE978C0E8A /* Check Pods Manifest.lock */ = {
			isa = PBXShellScriptBuildPhase;
			buildActionMask = 2147483647;
			files = (
			);
			inputPaths = (
			);
			name = "Check Pods Manifest.lock";
			outputPaths = (
			);
			runOnlyForDeploymentPostprocessing = 0;
			shellPath = /bin/sh;
			shellScript = "diff \"${PODS_ROOT}/../Podfile.lock\" \"${PODS_ROOT}/Manifest.lock\" > /dev/null\nif [[ $? != 0 ]] ; then\n    cat << EOM\nerror: The sandbox is not in sync with the Podfile.lock. Run 'pod install' or update your CocoaPods installation.\nEOM\n    exit 1\nfi\n";
			showEnvVarsInLog = 0;
		};
		60BBF0CA45E718AEC87E80C4 /* Copy Pods Resources */ = {
			isa = PBXShellScriptBuildPhase;
			buildActionMask = 2147483647;
			files = (
			);
			inputPaths = (
			);
			name = "Copy Pods Resources";
			outputPaths = (
			);
			runOnlyForDeploymentPostprocessing = 0;
			shellPath = /bin/sh;
			shellScript = "\"${SRCROOT}/Pods/Target Support Files/Pods/Pods-resources.sh\"\n";
			showEnvVarsInLog = 0;
		};
/* End PBXShellScriptBuildPhase section */

/* Begin PBXSourcesBuildPhase section */
		7B0ABE7E1B3EEC37005A062C /* Sources */ = {
			isa = PBXSourcesBuildPhase;
			buildActionMask = 2147483647;
			files = (
				7B0ABE8E1B3EEC37005A062C /* IndexViewController.m in Sources */,
				7B0ABE8B1B3EEC37005A062C /* AppDelegate.m in Sources */,
				7B0ABE881B3EEC37005A062C /* main.m in Sources */,
				3C9DC3A4FE84875903FAB100 /* AAForm.m in Sources */,
				3C9DC55396BBE0701C4C9EAD /* User.m in Sources */,
				7B4620251B9E8F5600652FD6 /* FirstTime.m in Sources */,
				7B4620231B9E8F5600652FD6 /* ASize.m in Sources */,
				7B4620291B9E903000652FD6 /* RegistrationViewController.m in Sources */,
				3C9DC64ABDE22828362BCD6A /* NewGameConfigureViewController.m in Sources */,
				3C9DCEF667408CECB013D543 /* LoginViewController.m in Sources */,
				3C9DCAB411DDAA53BAE748D0 /* MainViewController.m in Sources */,
				3C9DCD5178F98A3640515D60 /* StartGameViewController.m in Sources */,
				7B280C461BB9982000C6752B /* UIButton+BackgroudForState.m in Sources */,
				7B280C431BB992F300C6752B /* UIColor+Extensions.m in Sources */,
				7B6EC3881BBD24C400AF05CA /* StdTextField.m in Sources */,
				7B471CBD1BA84E4C0061D406 /* ApiClient.m in Sources */,
				3C9DCA208B9E8A5863286C68 /* AuthApi.m in Sources */,
				3C9DC4A286E334FB53F45AD3 /* SecurityTokenManager.m in Sources */,
				3C9DCCB2C1ABDE6A2BAE10D2 /* UIViewController+Extensions.m in Sources */,
				3C9DC535BEA2EDDB95B5E76F /* SettingsViewController.m in Sources */,
				3C9DC8E7B936CB859064C2F9 /* StatisticsViewController.m in Sources */,
				3C9DCA189A23901E9212D331 /* GameViewController.m in Sources */,
				3C9DCA4E76B5326DC2382F56 /* ChooseCategoryViewController.m in Sources */,
				3C9DC41729C5BBF456289993 /* QuestionViewController.m in Sources */,
				3C9DCE2E9613600B746FCF42 /* ScoreContainerView.m in Sources */,
				3C9DC3B342715AEC6A136602 /* RoundResultView.m in Sources */,
				3C9DC2ED85F987F0A95FA1F0 /* ResultStatusContainerView.m in Sources */,
				3C9DC752C9E6F68AEF5ABB55 /* GameRound.m in Sources */,
				3C9DC53136BCEE256D44EE37 /* RoundData.m in Sources */,
				3C9DC043B1DE3A19792AE702 /* Answer.m in Sources */,
				3C9DC051EA8DFD71166DA894 /* Question.m in Sources */,
				3C9DC47581CAD56A7B9BF974 /* QuestionQues.m in Sources */,
				3C9DC63B555B091EC3954ABA /* RoundCategory.m in Sources */,
				3C9DCF653EF1A9358ADFA5F6 /* GameRoundCreatedAt.m in Sources */,
				3C9DC7AC50E247B46C10A729 /* ModelObject.m in Sources */,
				3C9DCAAC190FEB66DC68F2C6 /* LocalJsonWrapper.m in Sources */,
			);
			runOnlyForDeploymentPostprocessing = 0;
		};
		7B0ABE971B3EEC37005A062C /* Sources */ = {
			isa = PBXSourcesBuildPhase;
			buildActionMask = 2147483647;
			files = (
				7B0ABEA21B3EEC37005A062C /* EntquizTests.m in Sources */,
			);
			runOnlyForDeploymentPostprocessing = 0;
		};
/* End PBXSourcesBuildPhase section */

/* Begin PBXTargetDependency section */
		7B0ABE9D1B3EEC37005A062C /* PBXTargetDependency */ = {
			isa = PBXTargetDependency;
			target = 7B0ABE811B3EEC37005A062C /* Entquiz */;
			targetProxy = 7B0ABE9C1B3EEC37005A062C /* PBXContainerItemProxy */;
		};
/* End PBXTargetDependency section */

/* Begin PBXVariantGroup section */
		7B0ABE941B3EEC37005A062C /* LaunchScreen.xib */ = {
			isa = PBXVariantGroup;
			children = (
				7B0ABE951B3EEC37005A062C /* Base */,
			);
			name = LaunchScreen.xib;
			sourceTree = "<group>";
		};
/* End PBXVariantGroup section */

/* Begin XCBuildConfiguration section */
		7B0ABEA31B3EEC37005A062C /* Debug */ = {
			isa = XCBuildConfiguration;
			buildSettings = {
				ALWAYS_SEARCH_USER_PATHS = NO;
				CLANG_CXX_LANGUAGE_STANDARD = "gnu++0x";
				CLANG_CXX_LIBRARY = "libc++";
				CLANG_ENABLE_MODULES = YES;
				CLANG_ENABLE_OBJC_ARC = YES;
				CLANG_WARN_BOOL_CONVERSION = YES;
				CLANG_WARN_CONSTANT_CONVERSION = YES;
				CLANG_WARN_DIRECT_OBJC_ISA_USAGE = YES_ERROR;
				CLANG_WARN_EMPTY_BODY = YES;
				CLANG_WARN_ENUM_CONVERSION = YES;
				CLANG_WARN_INT_CONVERSION = YES;
				CLANG_WARN_OBJC_ROOT_CLASS = YES_ERROR;
				CLANG_WARN_UNREACHABLE_CODE = YES;
				CLANG_WARN__DUPLICATE_METHOD_MATCH = YES;
				"CODE_SIGN_IDENTITY[sdk=iphoneos*]" = "iPhone Developer";
				COPY_PHASE_STRIP = NO;
				DEBUG_INFORMATION_FORMAT = "dwarf-with-dsym";
				ENABLE_STRICT_OBJC_MSGSEND = YES;
				GCC_C_LANGUAGE_STANDARD = gnu99;
				GCC_DYNAMIC_NO_PIC = NO;
				GCC_NO_COMMON_BLOCKS = YES;
				GCC_OPTIMIZATION_LEVEL = 0;
				GCC_PREFIX_HEADER = "Entquiz/Entquiz-Prefix.pch";
				GCC_PREPROCESSOR_DEFINITIONS = (
					"DEBUG=1",
					"$(inherited)",
				);
				GCC_SYMBOLS_PRIVATE_EXTERN = NO;
				GCC_WARN_64_TO_32_BIT_CONVERSION = YES;
				GCC_WARN_ABOUT_RETURN_TYPE = YES_ERROR;
				GCC_WARN_UNDECLARED_SELECTOR = YES;
				GCC_WARN_UNINITIALIZED_AUTOS = YES_AGGRESSIVE;
				GCC_WARN_UNUSED_FUNCTION = YES;
				GCC_WARN_UNUSED_VARIABLE = YES;
				IPHONEOS_DEPLOYMENT_TARGET = 8.3;
				MTL_ENABLE_DEBUG_INFO = YES;
				ONLY_ACTIVE_ARCH = YES;
				SDKROOT = iphoneos;
			};
			name = Debug;
		};
		7B0ABEA41B3EEC37005A062C /* Release */ = {
			isa = XCBuildConfiguration;
			buildSettings = {
				ALWAYS_SEARCH_USER_PATHS = NO;
				CLANG_CXX_LANGUAGE_STANDARD = "gnu++0x";
				CLANG_CXX_LIBRARY = "libc++";
				CLANG_ENABLE_MODULES = YES;
				CLANG_ENABLE_OBJC_ARC = YES;
				CLANG_WARN_BOOL_CONVERSION = YES;
				CLANG_WARN_CONSTANT_CONVERSION = YES;
				CLANG_WARN_DIRECT_OBJC_ISA_USAGE = YES_ERROR;
				CLANG_WARN_EMPTY_BODY = YES;
				CLANG_WARN_ENUM_CONVERSION = YES;
				CLANG_WARN_INT_CONVERSION = YES;
				CLANG_WARN_OBJC_ROOT_CLASS = YES_ERROR;
				CLANG_WARN_UNREACHABLE_CODE = YES;
				CLANG_WARN__DUPLICATE_METHOD_MATCH = YES;
				"CODE_SIGN_IDENTITY[sdk=iphoneos*]" = "iPhone Developer";
				COPY_PHASE_STRIP = NO;
				DEBUG_INFORMATION_FORMAT = "dwarf-with-dsym";
				ENABLE_NS_ASSERTIONS = NO;
				ENABLE_STRICT_OBJC_MSGSEND = YES;
				GCC_C_LANGUAGE_STANDARD = gnu99;
				GCC_NO_COMMON_BLOCKS = YES;
				GCC_PREFIX_HEADER = "Entquiz/Entquiz-Prefix.pch";
				GCC_WARN_64_TO_32_BIT_CONVERSION = YES;
				GCC_WARN_ABOUT_RETURN_TYPE = YES_ERROR;
				GCC_WARN_UNDECLARED_SELECTOR = YES;
				GCC_WARN_UNINITIALIZED_AUTOS = YES_AGGRESSIVE;
				GCC_WARN_UNUSED_FUNCTION = YES;
				GCC_WARN_UNUSED_VARIABLE = YES;
				IPHONEOS_DEPLOYMENT_TARGET = 8.3;
				MTL_ENABLE_DEBUG_INFO = NO;
				SDKROOT = iphoneos;
				VALIDATE_PRODUCT = YES;
			};
			name = Release;
		};
		7B0ABEA61B3EEC37005A062C /* Debug */ = {
			isa = XCBuildConfiguration;
			baseConfigurationReference = F85A5FA68CFB4DC658532536 /* Pods.debug.xcconfig */;
			buildSettings = {
				ASSETCATALOG_COMPILER_APPICON_NAME = AppIcon;
				ASSETCATALOG_COMPILER_LAUNCHIMAGE_NAME = LaunchImage;
				INFOPLIST_FILE = Entquiz/Info.plist;
				IPHONEOS_DEPLOYMENT_TARGET = 7.0;
				LD_RUNPATH_SEARCH_PATHS = "$(inherited) @executable_path/Frameworks";
				PRODUCT_NAME = "$(TARGET_NAME)";
				USER_HEADER_SEARCH_PATHS = "\"${PROJECT_DIR}/Pods\"/**";
			};
			name = Debug;
		};
		7B0ABEA71B3EEC37005A062C /* Release */ = {
			isa = XCBuildConfiguration;
			baseConfigurationReference = 70951B3F9A0074A7A9C67261 /* Pods.release.xcconfig */;
			buildSettings = {
				ASSETCATALOG_COMPILER_APPICON_NAME = AppIcon;
				ASSETCATALOG_COMPILER_LAUNCHIMAGE_NAME = LaunchImage;
				INFOPLIST_FILE = Entquiz/Info.plist;
				IPHONEOS_DEPLOYMENT_TARGET = 7.0;
				LD_RUNPATH_SEARCH_PATHS = "$(inherited) @executable_path/Frameworks";
				PRODUCT_NAME = "$(TARGET_NAME)";
				USER_HEADER_SEARCH_PATHS = "\"${PROJECT_DIR}/Pods\"/**";
			};
			name = Release;
		};
		7B0ABEA91B3EEC37005A062C /* Debug */ = {
			isa = XCBuildConfiguration;
			buildSettings = {
				BUNDLE_LOADER = "$(TEST_HOST)";
				FRAMEWORK_SEARCH_PATHS = (
					"$(SDKROOT)/Developer/Library/Frameworks",
					"$(inherited)",
				);
				GCC_PREPROCESSOR_DEFINITIONS = (
					"DEBUG=1",
					"$(inherited)",
				);
				INFOPLIST_FILE = EntquizTests/Info.plist;
				LD_RUNPATH_SEARCH_PATHS = "$(inherited) @executable_path/Frameworks @loader_path/Frameworks";
				PRODUCT_NAME = "$(TARGET_NAME)";
				TEST_HOST = "$(BUILT_PRODUCTS_DIR)/Entquiz.app/Entquiz";
			};
			name = Debug;
		};
		7B0ABEAA1B3EEC37005A062C /* Release */ = {
			isa = XCBuildConfiguration;
			buildSettings = {
				BUNDLE_LOADER = "$(TEST_HOST)";
				FRAMEWORK_SEARCH_PATHS = (
					"$(SDKROOT)/Developer/Library/Frameworks",
					"$(inherited)",
				);
				INFOPLIST_FILE = EntquizTests/Info.plist;
				LD_RUNPATH_SEARCH_PATHS = "$(inherited) @executable_path/Frameworks @loader_path/Frameworks";
				PRODUCT_NAME = "$(TARGET_NAME)";
				TEST_HOST = "$(BUILT_PRODUCTS_DIR)/Entquiz.app/Entquiz";
			};
			name = Release;
		};
/* End XCBuildConfiguration section */

/* Begin XCConfigurationList section */
		7B0ABE7D1B3EEC37005A062C /* Build configuration list for PBXProject "Entquiz" */ = {
			isa = XCConfigurationList;
			buildConfigurations = (
				7B0ABEA31B3EEC37005A062C /* Debug */,
				7B0ABEA41B3EEC37005A062C /* Release */,
			);
			defaultConfigurationIsVisible = 0;
			defaultConfigurationName = Release;
		};
		7B0ABEA51B3EEC37005A062C /* Build configuration list for PBXNativeTarget "Entquiz" */ = {
			isa = XCConfigurationList;
			buildConfigurations = (
				7B0ABEA61B3EEC37005A062C /* Debug */,
				7B0ABEA71B3EEC37005A062C /* Release */,
			);
			defaultConfigurationIsVisible = 0;
			defaultConfigurationName = Release;
		};
		7B0ABEA81B3EEC37005A062C /* Build configuration list for PBXNativeTarget "EntquizTests" */ = {
			isa = XCConfigurationList;
			buildConfigurations = (
				7B0ABEA91B3EEC37005A062C /* Debug */,
				7B0ABEAA1B3EEC37005A062C /* Release */,
			);
			defaultConfigurationIsVisible = 0;
			defaultConfigurationName = Release;
		};
/* End XCConfigurationList section */
	};
	rootObject = 7B0ABE7A1B3EEC37005A062C /* Project object */;
}
